
Microsoft Visual Studio Solution File, Format Version 12.00
# Visual Studio Version 17
VisualStudioVersion = 17.13.35913.81 d17.13
MinimumVisualStudioVersion = 10.0.40219.1
Project("{FAE04EC0-301F-11D3-BF4B-00C04F79EFBC}") = "FileSystem", "FileSystem.csproj", "{6738A80F-C0D5-4DD6-BA35-2790199BDA58}"
EndProject
Global
	GlobalSection(SolutionConfigurationPlatforms) = preSolution
		Debug|Any CPU = Debug|Any CPU
		Release|Any CPU = Release|Any CPU
	EndGlobalSection
	GlobalSection(ProjectConfigurationPlatforms) = postSolution
		{6738A80F-C0D5-4DD6-BA35-2790199BDA58}.Debug|Any CPU.ActiveCfg = Debug|Any CPU
		{6738A80F-C0D5-4DD6-BA35-2790199BDA58}.Debug|Any CPU.Build.0 = Debug|Any CPU
		{6738A80F-C0D5-4DD6-BA35-2790199BDA58}.Release|Any CPU.ActiveCfg = Release|Any CPU
		{6738A80F-C0D5-4DD6-BA35-2790199BDA58}.Release|Any CPU.Build.0 = Release|Any CPU
	EndGlobalSection
	GlobalSection(SolutionProperties) = preSolution
		HideSolutionNode = FALSE
	EndGlobalSection
	GlobalSection(ExtensibilityGlobals) = postSolution
		SolutionGuid = {3C73B0DC-1C07-43B4-9DAE-5BAF48E6AD6D}
	EndGlobalSection
EndGlobal
