
Microsoft Visual Studio Solution File, Format Version 12.00
# Visual Studio Version 17
VisualStudioVersion = 17.13.35913.81 d17.13
MinimumVisualStudioVersion = 10.0.40219.1
Project("{FAE04EC0-301F-11D3-BF4B-00C04F79EFBC}") = "CacheManager", "CacheManager.csproj", "{38E65F29-0438-4C97-AE1C-283CD123DB0F}"
EndProject
Global
	GlobalSection(SolutionConfigurationPlatforms) = preSolution
		Debug|Any CPU = Debug|Any CPU
		Release|Any CPU = Release|Any CPU
	EndGlobalSection
	GlobalSection(ProjectConfigurationPlatforms) = postSolution
		{38E65F29-0438-4C97-AE1C-283CD123DB0F}.Debug|Any CPU.ActiveCfg = Debug|Any CPU
		{38E65F29-0438-4C97-AE1C-283CD123DB0F}.Debug|Any CPU.Build.0 = Debug|Any CPU
		{38E65F29-0438-4C97-AE1C-283CD123DB0F}.Release|Any CPU.ActiveCfg = Release|Any CPU
		{38E65F29-0438-4C97-AE1C-283CD123DB0F}.Release|Any CPU.Build.0 = Release|Any CPU
	EndGlobalSection
	GlobalSection(SolutionProperties) = preSolution
		HideSolutionNode = FALSE
	EndGlobalSection
	GlobalSection(ExtensibilityGlobals) = postSolution
		SolutionGuid = {D4CE94CE-83C8-4345-9576-BF10E6597DE7}
	EndGlobalSection
EndGlobal
